
Microsoft Visual Studio Solution File, Format Version 12.00
# Visual Studio 2012
Project("{FAE04EC0-301F-11D3-BF4B-00C04F79EFBC}") = "XK.Common", "XK.Common\XK.Common.csproj", "{A49248A4-5A0E-444B-B95D-A13AF3D4A572}"
EndProject
Project("{FAE04EC0-301F-11D3-BF4B-00C04F79EFBC}") = "WebAppBS", "WebAppBootStrap\WebAppBS.csproj", "{61F06DF3-C6B3-4F75-A251-7D1D2D49A9AB}"
EndProject
Project("{FAE04EC0-301F-11D3-BF4B-00C04F79EFBC}") = "XK.IDal", "XK.IDal\XK.IDal.csproj", "{2868521F-E4E0-4A83-9484-09906B320BFD}"
EndProject
Project("{FAE04EC0-301F-11D3-BF4B-00C04F79EFBC}") = "XK.Bll", "XK.Bll\XK.Bll.csproj", "{8156BB0C-D0AA-4633-BD5A-A788EFEC3CAA}"
EndProject
Project("{FAE04EC0-301F-11D3-BF4B-00C04F79EFBC}") = "XK.Core", "XK.Core\XK.Core.csproj", "{60FE30EC-EE6C-427B-8D89-2571EAF40F1D}"
EndProject
Project("{2150E333-8FDC-42A3-9474-1A3956D46DE8}") = "1.IDal", "1.IDal", "{4A98908A-58DB-4EBD-8441-C493C6926C43}"
EndProject
Project("{2150E333-8FDC-42A3-9474-1A3956D46DE8}") = "2.Dal", "2.Dal", "{6F17839B-D9E0-4696-843E-9BCBB41C0C03}"
EndProject
Project("{2150E333-8FDC-42A3-9474-1A3956D46DE8}") = "3.Bll", "3.Bll", "{22C085B3-DC33-4C0A-B532-BE6CBDEE841B}"
EndProject
Project("{2150E333-8FDC-42A3-9474-1A3956D46DE8}") = "4.Core", "4.Core", "{C019E76F-92CA-4EF8-B9FE-7AB263F55F3C}"
EndProject
Project("{2150E333-8FDC-42A3-9474-1A3956D46DE8}") = "5.Common", "5.Common", "{E06CFC88-CEFB-45BD-8D91-E205B7B7EBAD}"
EndProject
Project("{FAE04EC0-301F-11D3-BF4B-00C04F79EFBC}") = "XK.Authentication", "XK.Authentication\XK.Authentication.csproj", "{BFD90A3F-AB18-4FE5-A27F-7476CCE44A18}"
EndProject
Project("{FAE04EC0-301F-11D3-BF4B-00C04F79EFBC}") = "ConsoleAppTest", "ConsoleAppTest\ConsoleAppTest.csproj", "{B1520F4C-2CC5-4B73-BFA9-6C449A82320D}"
EndProject
Project("{2150E333-8FDC-42A3-9474-1A3956D46DE8}") = "999.Other", "999.Other", "{F06A2D2C-65D5-4BB5-82BC-E6C28774E1C2}"
EndProject
Project("{FAE04EC0-301F-11D3-BF4B-00C04F79EFBC}") = "XK.WeiXin", "XK.WeiXin\XK.WeiXin.csproj", "{3A4D0520-091C-4D9C-8094-C2C4725F1186}"
EndProject
Project("{2150E333-8FDC-42A3-9474-1A3956D46DE8}") = "9.DataApi", "9.DataApi", "{75304FE7-D549-4B02-A8E9-A2930840D9B9}"
EndProject
Project("{FAE04EC0-301F-11D3-BF4B-00C04F79EFBC}") = "XK.DataApi", "XK.DataApi\XK.DataApi.csproj", "{D3E2E40C-D545-4E0C-AA8A-1F2A7BF7406D}"
EndProject
Project("{FAE04EC0-301F-11D3-BF4B-00C04F79EFBC}") = "XK.Dal", "XK.Dal\XK.Dal.csproj", "{E2BDA805-EC55-4C93-B1A2-428092FC484F}"
EndProject
Project("{2150E333-8FDC-42A3-9474-1A3956D46DE8}") = "0.Model", "0.Model", "{9ABE9C1E-6CFD-431C-9C4E-EC0C381BA327}"
EndProject
Project("{FAE04EC0-301F-11D3-BF4B-00C04F79EFBC}") = "XK.Model", "XK.Model\XK.Model.csproj", "{68127774-A47F-48F8-8AAC-3729A64BB54F}"
EndProject
Project("{FAE04EC0-301F-11D3-BF4B-00C04F79EFBC}") = "XK.DBUtil", "XK.DBUtil\XK.DBUtil.csproj", "{955FC6C6-591E-4893-B8DD-DB1702EF8D44}"
EndProject
Project("{2150E333-8FDC-42A3-9474-1A3956D46DE8}") = "8.DBUtil", "8.DBUtil", "{FAFBF3DB-1D30-4228-9092-8848202E8F3D}"
EndProject
Project("{FAE04EC0-301F-11D3-BF4B-00C04F79EFBC}") = "XK.Dal.Mongo", "XK.Dal.Mongo\XK.Dal.Mongo.csproj", "{7A3ACBD3-7638-4123-B608-98E0CA158031}"
EndProject
Project("{FAE04EC0-301F-11D3-BF4B-00C04F79EFBC}") = "XK.MongoDBUtil", "XK.MongoDBUtil\XK.MongoDBUtil.csproj", "{089F0F41-C42F-4D1A-A0F3-1341B22FAFE5}"
EndProject
Global
	GlobalSection(SolutionConfigurationPlatforms) = preSolution
		Debug|Any CPU = Debug|Any CPU
		Release|Any CPU = Release|Any CPU
	EndGlobalSection
	GlobalSection(ProjectConfigurationPlatforms) = postSolution
		{A49248A4-5A0E-444B-B95D-A13AF3D4A572}.Debug|Any CPU.ActiveCfg = Debug|Any CPU
		{A49248A4-5A0E-444B-B95D-A13AF3D4A572}.Debug|Any CPU.Build.0 = Debug|Any CPU
		{A49248A4-5A0E-444B-B95D-A13AF3D4A572}.Release|Any CPU.ActiveCfg = Release|Any CPU
		{A49248A4-5A0E-444B-B95D-A13AF3D4A572}.Release|Any CPU.Build.0 = Release|Any CPU
		{61F06DF3-C6B3-4F75-A251-7D1D2D49A9AB}.Debug|Any CPU.ActiveCfg = Debug|Any CPU
		{61F06DF3-C6B3-4F75-A251-7D1D2D49A9AB}.Debug|Any CPU.Build.0 = Debug|Any CPU
		{61F06DF3-C6B3-4F75-A251-7D1D2D49A9AB}.Release|Any CPU.ActiveCfg = Release|Any CPU
		{61F06DF3-C6B3-4F75-A251-7D1D2D49A9AB}.Release|Any CPU.Build.0 = Release|Any CPU
		{2868521F-E4E0-4A83-9484-09906B320BFD}.Debug|Any CPU.ActiveCfg = Debug|Any CPU
		{2868521F-E4E0-4A83-9484-09906B320BFD}.Debug|Any CPU.Build.0 = Debug|Any CPU
		{2868521F-E4E0-4A83-9484-09906B320BFD}.Release|Any CPU.ActiveCfg = Release|Any CPU
		{2868521F-E4E0-4A83-9484-09906B320BFD}.Release|Any CPU.Build.0 = Release|Any CPU
		{8156BB0C-D0AA-4633-BD5A-A788EFEC3CAA}.Debug|Any CPU.ActiveCfg = Debug|Any CPU
		{8156BB0C-D0AA-4633-BD5A-A788EFEC3CAA}.Debug|Any CPU.Build.0 = Debug|Any CPU
		{8156BB0C-D0AA-4633-BD5A-A788EFEC3CAA}.Release|Any CPU.ActiveCfg = Release|Any CPU
		{8156BB0C-D0AA-4633-BD5A-A788EFEC3CAA}.Release|Any CPU.Build.0 = Release|Any CPU
		{60FE30EC-EE6C-427B-8D89-2571EAF40F1D}.Debug|Any CPU.ActiveCfg = Debug|Any CPU
		{60FE30EC-EE6C-427B-8D89-2571EAF40F1D}.Debug|Any CPU.Build.0 = Debug|Any CPU
		{60FE30EC-EE6C-427B-8D89-2571EAF40F1D}.Release|Any CPU.ActiveCfg = Release|Any CPU
		{60FE30EC-EE6C-427B-8D89-2571EAF40F1D}.Release|Any CPU.Build.0 = Release|Any CPU
		{BFD90A3F-AB18-4FE5-A27F-7476CCE44A18}.Debug|Any CPU.ActiveCfg = Debug|Any CPU
		{BFD90A3F-AB18-4FE5-A27F-7476CCE44A18}.Debug|Any CPU.Build.0 = Debug|Any CPU
		{BFD90A3F-AB18-4FE5-A27F-7476CCE44A18}.Release|Any CPU.ActiveCfg = Release|Any CPU
		{BFD90A3F-AB18-4FE5-A27F-7476CCE44A18}.Release|Any CPU.Build.0 = Release|Any CPU
		{B1520F4C-2CC5-4B73-BFA9-6C449A82320D}.Debug|Any CPU.ActiveCfg = Debug|Any CPU
		{B1520F4C-2CC5-4B73-BFA9-6C449A82320D}.Debug|Any CPU.Build.0 = Debug|Any CPU
		{B1520F4C-2CC5-4B73-BFA9-6C449A82320D}.Release|Any CPU.ActiveCfg = Release|Any CPU
		{B1520F4C-2CC5-4B73-BFA9-6C449A82320D}.Release|Any CPU.Build.0 = Release|Any CPU
		{3A4D0520-091C-4D9C-8094-C2C4725F1186}.Debug|Any CPU.ActiveCfg = Debug|Any CPU
		{3A4D0520-091C-4D9C-8094-C2C4725F1186}.Debug|Any CPU.Build.0 = Debug|Any CPU
		{3A4D0520-091C-4D9C-8094-C2C4725F1186}.Release|Any CPU.ActiveCfg = Release|Any CPU
		{3A4D0520-091C-4D9C-8094-C2C4725F1186}.Release|Any CPU.Build.0 = Release|Any CPU
		{D3E2E40C-D545-4E0C-AA8A-1F2A7BF7406D}.Debug|Any CPU.ActiveCfg = Debug|Any CPU
		{D3E2E40C-D545-4E0C-AA8A-1F2A7BF7406D}.Debug|Any CPU.Build.0 = Debug|Any CPU
		{D3E2E40C-D545-4E0C-AA8A-1F2A7BF7406D}.Release|Any CPU.ActiveCfg = Release|Any CPU
		{D3E2E40C-D545-4E0C-AA8A-1F2A7BF7406D}.Release|Any CPU.Build.0 = Release|Any CPU
		{E2BDA805-EC55-4C93-B1A2-428092FC484F}.Debug|Any CPU.ActiveCfg = Debug|Any CPU
		{E2BDA805-EC55-4C93-B1A2-428092FC484F}.Debug|Any CPU.Build.0 = Debug|Any CPU
		{E2BDA805-EC55-4C93-B1A2-428092FC484F}.Release|Any CPU.ActiveCfg = Release|Any CPU
		{E2BDA805-EC55-4C93-B1A2-428092FC484F}.Release|Any CPU.Build.0 = Release|Any CPU
		{68127774-A47F-48F8-8AAC-3729A64BB54F}.Debug|Any CPU.ActiveCfg = Debug|Any CPU
		{68127774-A47F-48F8-8AAC-3729A64BB54F}.Debug|Any CPU.Build.0 = Debug|Any CPU
		{68127774-A47F-48F8-8AAC-3729A64BB54F}.Release|Any CPU.ActiveCfg = Release|Any CPU
		{68127774-A47F-48F8-8AAC-3729A64BB54F}.Release|Any CPU.Build.0 = Release|Any CPU
		{955FC6C6-591E-4893-B8DD-DB1702EF8D44}.Debug|Any CPU.ActiveCfg = Debug|Any CPU
		{955FC6C6-591E-4893-B8DD-DB1702EF8D44}.Debug|Any CPU.Build.0 = Debug|Any CPU
		{955FC6C6-591E-4893-B8DD-DB1702EF8D44}.Release|Any CPU.ActiveCfg = Release|Any CPU
		{955FC6C6-591E-4893-B8DD-DB1702EF8D44}.Release|Any CPU.Build.0 = Release|Any CPU
		{7A3ACBD3-7638-4123-B608-98E0CA158031}.Debug|Any CPU.ActiveCfg = Debug|Any CPU
		{7A3ACBD3-7638-4123-B608-98E0CA158031}.Debug|Any CPU.Build.0 = Debug|Any CPU
		{7A3ACBD3-7638-4123-B608-98E0CA158031}.Release|Any CPU.ActiveCfg = Release|Any CPU
		{7A3ACBD3-7638-4123-B608-98E0CA158031}.Release|Any CPU.Build.0 = Release|Any CPU
		{089F0F41-C42F-4D1A-A0F3-1341B22FAFE5}.Debug|Any CPU.ActiveCfg = Debug|Any CPU
		{089F0F41-C42F-4D1A-A0F3-1341B22FAFE5}.Debug|Any CPU.Build.0 = Debug|Any CPU
		{089F0F41-C42F-4D1A-A0F3-1341B22FAFE5}.Release|Any CPU.ActiveCfg = Release|Any CPU
		{089F0F41-C42F-4D1A-A0F3-1341B22FAFE5}.Release|Any CPU.Build.0 = Release|Any CPU
	EndGlobalSection
	GlobalSection(SolutionProperties) = preSolution
		HideSolutionNode = FALSE
	EndGlobalSection
	GlobalSection(NestedProjects) = preSolution
		{A49248A4-5A0E-444B-B95D-A13AF3D4A572} = {E06CFC88-CEFB-45BD-8D91-E205B7B7EBAD}
		{2868521F-E4E0-4A83-9484-09906B320BFD} = {4A98908A-58DB-4EBD-8441-C493C6926C43}
		{8156BB0C-D0AA-4633-BD5A-A788EFEC3CAA} = {22C085B3-DC33-4C0A-B532-BE6CBDEE841B}
		{60FE30EC-EE6C-427B-8D89-2571EAF40F1D} = {C019E76F-92CA-4EF8-B9FE-7AB263F55F3C}
		{E2BDA805-EC55-4C93-B1A2-428092FC484F} = {6F17839B-D9E0-4696-843E-9BCBB41C0C03}
		{7A3ACBD3-7638-4123-B608-98E0CA158031} = {6F17839B-D9E0-4696-843E-9BCBB41C0C03}
		{3A4D0520-091C-4D9C-8094-C2C4725F1186} = {F06A2D2C-65D5-4BB5-82BC-E6C28774E1C2}
		{D3E2E40C-D545-4E0C-AA8A-1F2A7BF7406D} = {75304FE7-D549-4B02-A8E9-A2930840D9B9}
		{68127774-A47F-48F8-8AAC-3729A64BB54F} = {9ABE9C1E-6CFD-431C-9C4E-EC0C381BA327}
		{955FC6C6-591E-4893-B8DD-DB1702EF8D44} = {FAFBF3DB-1D30-4228-9092-8848202E8F3D}
		{089F0F41-C42F-4D1A-A0F3-1341B22FAFE5} = {FAFBF3DB-1D30-4228-9092-8848202E8F3D}
	EndGlobalSection
EndGlobal
