
Microsoft Visual Studio Solution File, Format Version 12.00
# Visual Studio 2012
Project("{FAE04EC0-301F-11D3-BF4B-00C04F79EFBC}") = "XK.Common", "XK.Common\XK.Common.csproj", "{A49248A4-5A0E-444B-B95D-A13AF3D4A572}"
EndProject
Project("{FAE04EC0-301F-11D3-BF4B-00C04F79EFBC}") = "WebAppBS", "WebAppBootStrap\WebAppBS.csproj", "{61F06DF3-C6B3-4F75-A251-7D1D2D49A9AB}"
EndProject
Project("{FAE04EC0-301F-11D3-BF4B-00C04F79EFBC}") = "XK.IDal", "XK.IDal\XK.IDal.csproj", "{2868521F-E4E0-4A83-9484-09906B320BFD}"
EndProject
Project("{FAE04EC0-301F-11D3-BF4B-00C04F79EFBC}") = "XK.Dal", "XK.Dal\XK.Dal.csproj", "{340D10B6-2593-40E3-8F4B-9AD2DA51FDB0}"
EndProject
Project("{FAE04EC0-301F-11D3-BF4B-00C04F79EFBC}") = "XK.Bll", "XK.Bll\XK.Bll.csproj", "{8156BB0C-D0AA-4633-BD5A-A788EFEC3CAA}"
EndProject
Project("{FAE04EC0-301F-11D3-BF4B-00C04F79EFBC}") = "XK.Core", "XK.Core\XK.Core.csproj", "{60FE30EC-EE6C-427B-8D89-2571EAF40F1D}"
EndProject
Project("{2150E333-8FDC-42A3-9474-1A3956D46DE8}") = "0.IDal", "0.IDal", "{4A98908A-58DB-4EBD-8441-C493C6926C43}"
EndProject
Project("{2150E333-8FDC-42A3-9474-1A3956D46DE8}") = "1.Dal", "1.Dal", "{6F17839B-D9E0-4696-843E-9BCBB41C0C03}"
EndProject
Project("{2150E333-8FDC-42A3-9474-1A3956D46DE8}") = "2.Bll", "2.Bll", "{22C085B3-DC33-4C0A-B532-BE6CBDEE841B}"
EndProject
Project("{2150E333-8FDC-42A3-9474-1A3956D46DE8}") = "3.Core", "3.Core", "{C019E76F-92CA-4EF8-B9FE-7AB263F55F3C}"
EndProject
Project("{2150E333-8FDC-42A3-9474-1A3956D46DE8}") = "4.Common", "4.Common", "{E06CFC88-CEFB-45BD-8D91-E205B7B7EBAD}"
EndProject
Project("{FAE04EC0-301F-11D3-BF4B-00C04F79EFBC}") = "XK.Authentication", "XK.Authentication\XK.Authentication.csproj", "{BFD90A3F-AB18-4FE5-A27F-7476CCE44A18}"
EndProject
Project("{FAE04EC0-301F-11D3-BF4B-00C04F79EFBC}") = "ConsoleAppTest", "ConsoleAppTest\ConsoleAppTest.csproj", "{B1520F4C-2CC5-4B73-BFA9-6C449A82320D}"
EndProject
Project("{2150E333-8FDC-42A3-9474-1A3956D46DE8}") = "999.Other", "999.Other", "{F06A2D2C-65D5-4BB5-82BC-E6C28774E1C2}"
EndProject
Project("{FAE04EC0-301F-11D3-BF4B-00C04F79EFBC}") = "XK.WeiXin", "XK.WeiXin\XK.WeiXin.csproj", "{3A4D0520-091C-4D9C-8094-C2C4725F1186}"
EndProject
Project("{FAE04EC0-301F-11D3-BF4B-00C04F79EFBC}") = "XK.Blitline", "XK.Blitline\XK.Blitline.csproj", "{CD45926F-7C2C-43DE-8732-0D3E0FDB2512}"
EndProject
Global
	GlobalSection(SolutionConfigurationPlatforms) = preSolution
		Debug|Any CPU = Debug|Any CPU
		Release|Any CPU = Release|Any CPU
	EndGlobalSection
	GlobalSection(ProjectConfigurationPlatforms) = postSolution
		{A49248A4-5A0E-444B-B95D-A13AF3D4A572}.Debug|Any CPU.ActiveCfg = Debug|Any CPU
		{A49248A4-5A0E-444B-B95D-A13AF3D4A572}.Debug|Any CPU.Build.0 = Debug|Any CPU
		{A49248A4-5A0E-444B-B95D-A13AF3D4A572}.Release|Any CPU.ActiveCfg = Release|Any CPU
		{A49248A4-5A0E-444B-B95D-A13AF3D4A572}.Release|Any CPU.Build.0 = Release|Any CPU
		{61F06DF3-C6B3-4F75-A251-7D1D2D49A9AB}.Debug|Any CPU.ActiveCfg = Debug|Any CPU
		{61F06DF3-C6B3-4F75-A251-7D1D2D49A9AB}.Debug|Any CPU.Build.0 = Debug|Any CPU
		{61F06DF3-C6B3-4F75-A251-7D1D2D49A9AB}.Release|Any CPU.ActiveCfg = Release|Any CPU
		{61F06DF3-C6B3-4F75-A251-7D1D2D49A9AB}.Release|Any CPU.Build.0 = Release|Any CPU
		{2868521F-E4E0-4A83-9484-09906B320BFD}.Debug|Any CPU.ActiveCfg = Debug|Any CPU
		{2868521F-E4E0-4A83-9484-09906B320BFD}.Debug|Any CPU.Build.0 = Debug|Any CPU
		{2868521F-E4E0-4A83-9484-09906B320BFD}.Release|Any CPU.ActiveCfg = Release|Any CPU
		{2868521F-E4E0-4A83-9484-09906B320BFD}.Release|Any CPU.Build.0 = Release|Any CPU
		{340D10B6-2593-40E3-8F4B-9AD2DA51FDB0}.Debug|Any CPU.ActiveCfg = Debug|Any CPU
		{340D10B6-2593-40E3-8F4B-9AD2DA51FDB0}.Debug|Any CPU.Build.0 = Debug|Any CPU
		{340D10B6-2593-40E3-8F4B-9AD2DA51FDB0}.Release|Any CPU.ActiveCfg = Release|Any CPU
		{340D10B6-2593-40E3-8F4B-9AD2DA51FDB0}.Release|Any CPU.Build.0 = Release|Any CPU
		{8156BB0C-D0AA-4633-BD5A-A788EFEC3CAA}.Debug|Any CPU.ActiveCfg = Debug|Any CPU
		{8156BB0C-D0AA-4633-BD5A-A788EFEC3CAA}.Debug|Any CPU.Build.0 = Debug|Any CPU
		{8156BB0C-D0AA-4633-BD5A-A788EFEC3CAA}.Release|Any CPU.ActiveCfg = Release|Any CPU
		{8156BB0C-D0AA-4633-BD5A-A788EFEC3CAA}.Release|Any CPU.Build.0 = Release|Any CPU
		{60FE30EC-EE6C-427B-8D89-2571EAF40F1D}.Debug|Any CPU.ActiveCfg = Debug|Any CPU
		{60FE30EC-EE6C-427B-8D89-2571EAF40F1D}.Debug|Any CPU.Build.0 = Debug|Any CPU
		{60FE30EC-EE6C-427B-8D89-2571EAF40F1D}.Release|Any CPU.ActiveCfg = Release|Any CPU
		{60FE30EC-EE6C-427B-8D89-2571EAF40F1D}.Release|Any CPU.Build.0 = Release|Any CPU
		{BFD90A3F-AB18-4FE5-A27F-7476CCE44A18}.Debug|Any CPU.ActiveCfg = Debug|Any CPU
		{BFD90A3F-AB18-4FE5-A27F-7476CCE44A18}.Debug|Any CPU.Build.0 = Debug|Any CPU
		{BFD90A3F-AB18-4FE5-A27F-7476CCE44A18}.Release|Any CPU.ActiveCfg = Release|Any CPU
		{BFD90A3F-AB18-4FE5-A27F-7476CCE44A18}.Release|Any CPU.Build.0 = Release|Any CPU
		{B1520F4C-2CC5-4B73-BFA9-6C449A82320D}.Debug|Any CPU.ActiveCfg = Debug|Any CPU
		{B1520F4C-2CC5-4B73-BFA9-6C449A82320D}.Debug|Any CPU.Build.0 = Debug|Any CPU
		{B1520F4C-2CC5-4B73-BFA9-6C449A82320D}.Release|Any CPU.ActiveCfg = Release|Any CPU
		{B1520F4C-2CC5-4B73-BFA9-6C449A82320D}.Release|Any CPU.Build.0 = Release|Any CPU
		{3A4D0520-091C-4D9C-8094-C2C4725F1186}.Debug|Any CPU.ActiveCfg = Debug|Any CPU
		{3A4D0520-091C-4D9C-8094-C2C4725F1186}.Debug|Any CPU.Build.0 = Debug|Any CPU
		{3A4D0520-091C-4D9C-8094-C2C4725F1186}.Release|Any CPU.ActiveCfg = Release|Any CPU
		{3A4D0520-091C-4D9C-8094-C2C4725F1186}.Release|Any CPU.Build.0 = Release|Any CPU
		{CD45926F-7C2C-43DE-8732-0D3E0FDB2512}.Debug|Any CPU.ActiveCfg = Debug|Any CPU
		{CD45926F-7C2C-43DE-8732-0D3E0FDB2512}.Debug|Any CPU.Build.0 = Debug|Any CPU
		{CD45926F-7C2C-43DE-8732-0D3E0FDB2512}.Release|Any CPU.ActiveCfg = Release|Any CPU
		{CD45926F-7C2C-43DE-8732-0D3E0FDB2512}.Release|Any CPU.Build.0 = Release|Any CPU
	EndGlobalSection
	GlobalSection(SolutionProperties) = preSolution
		HideSolutionNode = FALSE
	EndGlobalSection
	GlobalSection(NestedProjects) = preSolution
		{A49248A4-5A0E-444B-B95D-A13AF3D4A572} = {E06CFC88-CEFB-45BD-8D91-E205B7B7EBAD}
		{2868521F-E4E0-4A83-9484-09906B320BFD} = {4A98908A-58DB-4EBD-8441-C493C6926C43}
		{340D10B6-2593-40E3-8F4B-9AD2DA51FDB0} = {6F17839B-D9E0-4696-843E-9BCBB41C0C03}
		{8156BB0C-D0AA-4633-BD5A-A788EFEC3CAA} = {22C085B3-DC33-4C0A-B532-BE6CBDEE841B}
		{60FE30EC-EE6C-427B-8D89-2571EAF40F1D} = {C019E76F-92CA-4EF8-B9FE-7AB263F55F3C}
		{3A4D0520-091C-4D9C-8094-C2C4725F1186} = {F06A2D2C-65D5-4BB5-82BC-E6C28774E1C2}
		{CD45926F-7C2C-43DE-8732-0D3E0FDB2512} = {F06A2D2C-65D5-4BB5-82BC-E6C28774E1C2}
	EndGlobalSection
EndGlobal
